// !$*UTF8*$!
{
	archiveVersion = 1;
	classes = {
	};
	objectVersion = 48;
	objects = {

/* Begin PBXBuildFile section */
		56F87A3A1F96F23F00D451F9 /* JYScrollTab.m in Sources */ = {isa = PBXBuildFile; fileRef = 56F87A391F96F23F00D451F9 /* JYScrollTab.m */; };
		56F87A3B1F96F23F00D451F9 /* JYScrollTab.h in CopyFiles */ = {isa = PBXBuildFile; fileRef = 56F87A381F96F23F00D451F9 /* JYScrollTab.h */; };
/* End PBXBuildFile section */

/* Begin PBXCopyFilesBuildPhase section */
		56F87A331F96F23F00D451F9 /* CopyFiles */ = {
			isa = PBXCopyFilesBuildPhase;
			buildActionMask = 2147483647;
			dstPath = "include/$(PRODUCT_NAME)";
			dstSubfolderSpec = 16;
			files = (
				56F87A3B1F96F23F00D451F9 /* JYScrollTab.h in CopyFiles */,
			);
			runOnlyForDeploymentPostprocessing = 0;
		};
/* End PBXCopyFilesBuildPhase section */

/* Begin PBXFileReference section */
		56F87A351F96F23F00D451F9 /* libJYScrollTab.a */ = {isa = PBXFileReference; explicitFileType = archive.ar; includeInIndex = 0; path = libJYScrollTab.a; sourceTree = BUILT_PRODUCTS_DIR; };
		56F87A381F96F23F00D451F9 /* JYScrollTab.h */ = {isa = PBXFileReference; lastKnownFileType = sourcecode.c.h; path = JYScrollTab.h; sourceTree = "<group>"; };
		56F87A391F96F23F00D451F9 /* JYScrollTab.m */ = {isa = PBXFileReference; lastKnownFileType = sourcecode.c.objc; path = JYScrollTab.m; sourceTree = "<group>"; };
		56F87A451F96F26B00D451F9 /* JYScrollTabBundle.bundle */ = {isa = PBXFileReference; explicitFileType = wrapper.cfbundle; includeInIndex = 0; path = JYScrollTabBundle.bundle; sourceTree = BUILT_PRODUCTS_DIR; };
		56F87A471F96F26B00D451F9 /* Info.plist */ = {isa = PBXFileReference; lastKnownFileType = text.plist.xml; path = Info.plist; sourceTree = "<group>"; };
/* End PBXFileReference section */

/* Begin PBXFrameworksBuildPhase section */
		56F87A321F96F23F00D451F9 /* Frameworks */ = {
			isa = PBXFrameworksBuildPhase;
			buildActionMask = 2147483647;
			files = (
			);
			runOnlyForDeploymentPostprocessing = 0;
		};
		56F87A421F96F26B00D451F9 /* Frameworks */ = {
			isa = PBXFrameworksBuildPhase;
			buildActionMask = 2147483647;
			files = (
			);
			runOnlyForDeploymentPostprocessing = 0;
		};
/* End PBXFrameworksBuildPhase section */

/* Begin PBXGroup section */
		56F87A2C1F96F23F00D451F9 = {
			isa = PBXGroup;
			children = (
				56F87A371F96F23F00D451F9 /* JYScrollTab */,
				56F87A461F96F26B00D451F9 /* JYScrollTabBundle */,
				56F87A361F96F23F00D451F9 /* Products */,
			);
			sourceTree = "<group>";
		};
		56F87A361F96F23F00D451F9 /* Products */ = {
			isa = PBXGroup;
			children = (
				56F87A351F96F23F00D451F9 /* libJYScrollTab.a */,
				56F87A451F96F26B00D451F9 /* JYScrollTabBundle.bundle */,
			);
			name = Products;
			sourceTree = "<group>";
		};
		56F87A371F96F23F00D451F9 /* JYScrollTab */ = {
			isa = PBXGroup;
			children = (
				56F87A381F96F23F00D451F9 /* JYScrollTab.h */,
				56F87A391F96F23F00D451F9 /* JYScrollTab.m */,
			);
			path = JYScrollTab;
			sourceTree = "<group>";
		};
		56F87A461F96F26B00D451F9 /* JYScrollTabBundle */ = {
			isa = PBXGroup;
			children = (
				56F87A471F96F26B00D451F9 /* Info.plist */,
			);
			path = JYScrollTabBundle;
			sourceTree = "<group>";
		};
/* End PBXGroup section */

/* Begin PBXNativeTarget section */
		56F87A341F96F23F00D451F9 /* JYScrollTab */ = {
			isa = PBXNativeTarget;
			buildConfigurationList = 56F87A3E1F96F23F00D451F9 /* Build configuration list for PBXNativeTarget "JYScrollTab" */;
			buildPhases = (
				56F87A311F96F23F00D451F9 /* Sources */,
				56F87A321F96F23F00D451F9 /* Frameworks */,
				56F87A331F96F23F00D451F9 /* CopyFiles */,
			);
			buildRules = (
			);
			dependencies = (
			);
			name = JYScrollTab;
			productName = JYScrollTab;
			productReference = 56F87A351F96F23F00D451F9 /* libJYScrollTab.a */;
			productType = "com.apple.product-type.library.static";
		};
		56F87A441F96F26B00D451F9 /* JYScrollTabBundle */ = {
			isa = PBXNativeTarget;
			buildConfigurationList = 56F87A481F96F26B00D451F9 /* Build configuration list for PBXNativeTarget "JYScrollTabBundle" */;
			buildPhases = (
				56F87A411F96F26B00D451F9 /* Sources */,
				56F87A421F96F26B00D451F9 /* Frameworks */,
				56F87A431F96F26B00D451F9 /* Resources */,
			);
			buildRules = (
			);
			dependencies = (
			);
			name = JYScrollTabBundle;
			productName = JYScrollTabBundle;
			productReference = 56F87A451F96F26B00D451F9 /* JYScrollTabBundle.bundle */;
			productType = "com.apple.product-type.bundle";
		};
/* End PBXNativeTarget section */

/* Begin PBXProject section */
		56F87A2D1F96F23F00D451F9 /* Project object */ = {
			isa = PBXProject;
			attributes = {
				LastUpgradeCheck = 0900;
				ORGANIZATIONNAME = JY;
				TargetAttributes = {
					56F87A341F96F23F00D451F9 = {
						CreatedOnToolsVersion = 9.0;
						ProvisioningStyle = Automatic;
					};
					56F87A441F96F26B00D451F9 = {
						CreatedOnToolsVersion = 9.0;
						ProvisioningStyle = Automatic;
					};
				};
			};
			buildConfigurationList = 56F87A301F96F23F00D451F9 /* Build configuration list for PBXProject "JYScrollTab" */;
			compatibilityVersion = "Xcode 8.0";
			developmentRegion = en;
			hasScannedForEncodings = 0;
			knownRegions = (
				en,
			);
			mainGroup = 56F87A2C1F96F23F00D451F9;
			productRefGroup = 56F87A361F96F23F00D451F9 /* Products */;
			projectDirPath = "";
			projectRoot = "";
			targets = (
				56F87A341F96F23F00D451F9 /* JYScrollTab */,
				56F87A441F96F26B00D451F9 /* JYScrollTabBundle */,
			);
		};
/* End PBXProject section */

/* Begin PBXResourcesBuildPhase section */
		56F87A431F96F26B00D451F9 /* Resources */ = {
			isa = PBXResourcesBuildPhase;
			buildActionMask = 2147483647;
			files = (
			);
			runOnlyForDeploymentPostprocessing = 0;
		};
/* End PBXResourcesBuildPhase section */

/* Begin PBXSourcesBuildPhase section */
		56F87A311F96F23F00D451F9 /* Sources */ = {
			isa = PBXSourcesBuildPhase;
			buildActionMask = 2147483647;
			files = (
				56F87A3A1F96F23F00D451F9 /* JYScrollTab.m in Sources */,
			);
			runOnlyForDeploymentPostprocessing = 0;
		};
		56F87A411F96F26B00D451F9 /* Sources */ = {
			isa = PBXSourcesBuildPhase;
			buildActionMask = 2147483647;
			files = (
			);
			runOnlyForDeploymentPostprocessing = 0;
		};
/* End PBXSourcesBuildPhase section */

/* Begin XCBuildConfiguration section */
		56F87A3C1F96F23F00D451F9 /* Debug */ = {
			isa = XCBuildConfiguration;
			buildSettings = {
				ALWAYS_SEARCH_USER_PATHS = NO;
				CLANG_ANALYZER_NONNULL = YES;
				CLANG_ANALYZER_NUMBER_OBJECT_CONVERSION = YES_AGGRESSIVE;
				CLANG_CXX_LANGUAGE_STANDARD = "gnu++14";
				CLANG_CXX_LIBRARY = "libc++";
				CLANG_ENABLE_MODULES = YES;
				CLANG_ENABLE_OBJC_ARC = YES;
				CLANG_WARN_BLOCK_CAPTURE_AUTORELEASING = YES;
				CLANG_WARN_BOOL_CONVERSION = YES;
				CLANG_WARN_COMMA = YES;
				CLANG_WARN_CONSTANT_CONVERSION = YES;
				CLANG_WARN_DIRECT_OBJC_ISA_USAGE = YES_ERROR;
				CLANG_WARN_DOCUMENTATION_COMMENTS = YES;
				CLANG_WARN_EMPTY_BODY = YES;
				CLANG_WARN_ENUM_CONVERSION = YES;
				CLANG_WARN_INFINITE_RECURSION = YES;
				CLANG_WARN_INT_CONVERSION = YES;
				CLANG_WARN_NON_LITERAL_NULL_CONVERSION = YES;
				CLANG_WARN_OBJC_LITERAL_CONVERSION = YES;
				CLANG_WARN_OBJC_ROOT_CLASS = YES_ERROR;
				CLANG_WARN_RANGE_LOOP_ANALYSIS = YES;
				CLANG_WARN_STRICT_PROTOTYPES = YES;
				CLANG_WARN_SUSPICIOUS_MOVE = YES;
				CLANG_WARN_UNGUARDED_AVAILABILITY = YES_AGGRESSIVE;
				CLANG_WARN_UNREACHABLE_CODE = YES;
				CLANG_WARN__DUPLICATE_METHOD_MATCH = YES;
				CODE_SIGN_IDENTITY = "iPhone Developer";
				COPY_PHASE_STRIP = NO;
				DEBUG_INFORMATION_FORMAT = dwarf;
				ENABLE_STRICT_OBJC_MSGSEND = YES;
				ENABLE_TESTABILITY = YES;
				GCC_C_LANGUAGE_STANDARD = gnu11;
				GCC_DYNAMIC_NO_PIC = NO;
				GCC_NO_COMMON_BLOCKS = YES;
				GCC_OPTIMIZATION_LEVEL = 0;
				GCC_PREPROCESSOR_DEFINITIONS = (
					"DEBUG=1",
					"$(inherited)",
				);
				GCC_WARN_64_TO_32_BIT_CONVERSION = YES;
				GCC_WARN_ABOUT_RETURN_TYPE = YES_ERROR;
				GCC_WARN_UNDECLARED_SELECTOR = YES;
				GCC_WARN_UNINITIALIZED_AUTOS = YES_AGGRESSIVE;
				GCC_WARN_UNUSED_FUNCTION = YES;
				GCC_WARN_UNUSED_VARIABLE = YES;
				IPHONEOS_DEPLOYMENT_TARGET = 8.0;
				MTL_ENABLE_DEBUG_INFO = YES;
				ONLY_ACTIVE_ARCH = YES;
				SDKROOT = iphoneos;
			};
			name = Debug;
		};
		56F87A3D1F96F23F00D451F9 /* Release */ = {
			isa = XCBuildConfiguration;
			buildSettings = {
				ALWAYS_SEARCH_USER_PATHS = NO;
				CLANG_ANALYZER_NONNULL = YES;
				CLANG_ANALYZER_NUMBER_OBJECT_CONVERSION = YES_AGGRESSIVE;
				CLANG_CXX_LANGUAGE_STANDARD = "gnu++14";
				CLANG_CXX_LIBRARY = "libc++";
				CLANG_ENABLE_MODULES = YES;
				CLANG_ENABLE_OBJC_ARC = YES;
				CLANG_WARN_BLOCK_CAPTURE_AUTORELEASING = YES;
				CLANG_WARN_BOOL_CONVERSION = YES;
				CLANG_WARN_COMMA = YES;
				CLANG_WARN_CONSTANT_CONVERSION = YES;
				CLANG_WARN_DIRECT_OBJC_ISA_USAGE = YES_ERROR;
				CLANG_WARN_DOCUMENTATION_COMMENTS = YES;
				CLANG_WARN_EMPTY_BODY = YES;
				CLANG_WARN_ENUM_CONVERSION = YES;
				CLANG_WARN_INFINITE_RECURSION = YES;
				CLANG_WARN_INT_CONVERSION = YES;
				CLANG_WARN_NON_LITERAL_NULL_CONVERSION = YES;
				CLANG_WARN_OBJC_LITERAL_CONVERSION = YES;
				CLANG_WARN_OBJC_ROOT_CLASS = YES_ERROR;
				CLANG_WARN_RANGE_LOOP_ANALYSIS = YES;
				CLANG_WARN_STRICT_PROTOTYPES = YES;
				CLANG_WARN_SUSPICIOUS_MOVE = YES;
				CLANG_WARN_UNGUARDED_AVAILABILITY = YES_AGGRESSIVE;
				CLANG_WARN_UNREACHABLE_CODE = YES;
				CLANG_WARN__DUPLICATE_METHOD_MATCH = YES;
				CODE_SIGN_IDENTITY = "iPhone Developer";
				COPY_PHASE_STRIP = NO;
				DEBUG_INFORMATION_FORMAT = "dwarf-with-dsym";
				ENABLE_NS_ASSERTIONS = NO;
				ENABLE_STRICT_OBJC_MSGSEND = YES;
				GCC_C_LANGUAGE_STANDARD = gnu11;
				GCC_NO_COMMON_BLOCKS = YES;
				GCC_WARN_64_TO_32_BIT_CONVERSION = YES;
				GCC_WARN_ABOUT_RETURN_TYPE = YES_ERROR;
				GCC_WARN_UNDECLARED_SELECTOR = YES;
				GCC_WARN_UNINITIALIZED_AUTOS = YES_AGGRESSIVE;
				GCC_WARN_UNUSED_FUNCTION = YES;
				GCC_WARN_UNUSED_VARIABLE = YES;
				IPHONEOS_DEPLOYMENT_TARGET = 8.0;
				MTL_ENABLE_DEBUG_INFO = NO;
				SDKROOT = iphoneos;
				VALIDATE_PRODUCT = YES;
			};
			name = Release;
		};
		56F87A3F1F96F23F00D451F9 /* Debug */ = {
			isa = XCBuildConfiguration;
			buildSettings = {
				CODE_SIGN_STYLE = Automatic;
				OTHER_LDFLAGS = "-ObjC";
				PRODUCT_NAME = "$(TARGET_NAME)";
				SKIP_INSTALL = YES;
				TARGETED_DEVICE_FAMILY = "1,2";
			};
			name = Debug;
		};
		56F87A401F96F23F00D451F9 /* Release */ = {
			isa = XCBuildConfiguration;
			buildSettings = {
				CODE_SIGN_STYLE = Automatic;
				OTHER_LDFLAGS = "-ObjC";
				PRODUCT_NAME = "$(TARGET_NAME)";
				SKIP_INSTALL = YES;
				TARGETED_DEVICE_FAMILY = "1,2";
			};
			name = Release;
		};
		56F87A491F96F26B00D451F9 /* Debug */ = {
			isa = XCBuildConfiguration;
			buildSettings = {
				CODE_SIGN_IDENTITY = "-";
				CODE_SIGN_STYLE = Automatic;
				COMBINE_HIDPI_IMAGES = YES;
				INFOPLIST_FILE = JYScrollTabBundle/Info.plist;
				INSTALL_PATH = "$(LOCAL_LIBRARY_DIR)/Bundles";
				MACOSX_DEPLOYMENT_TARGET = 10.12;
				PRODUCT_BUNDLE_IDENTIFIER = com.jy.JYScrollTabBundle;
				PRODUCT_NAME = "$(TARGET_NAME)";
				SDKROOT = macosx;
				SKIP_INSTALL = YES;
				WRAPPER_EXTENSION = bundle;
			};
			name = Debug;
		};
		56F87A4A1F96F26B00D451F9 /* Release */ = {
			isa = XCBuildConfiguration;
			buildSettings = {
				CODE_SIGN_IDENTITY = "-";
				CODE_SIGN_STYLE = Automatic;
				COMBINE_HIDPI_IMAGES = YES;
				INFOPLIST_FILE = JYScrollTabBundle/Info.plist;
				INSTALL_PATH = "$(LOCAL_LIBRARY_DIR)/Bundles";
				MACOSX_DEPLOYMENT_TARGET = 10.12;
				PRODUCT_BUNDLE_IDENTIFIER = com.jy.JYScrollTabBundle;
				PRODUCT_NAME = "$(TARGET_NAME)";
				SDKROOT = macosx;
				SKIP_INSTALL = YES;
				WRAPPER_EXTENSION = bundle;
			};
			name = Release;
		};
/* End XCBuildConfiguration section */

/* Begin XCConfigurationList section */
		56F87A301F96F23F00D451F9 /* Build configuration list for PBXProject "JYScrollTab" */ = {
			isa = XCConfigurationList;
			buildConfigurations = (
				56F87A3C1F96F23F00D451F9 /* Debug */,
				56F87A3D1F96F23F00D451F9 /* Release */,
			);
			defaultConfigurationIsVisible = 0;
			defaultConfigurationName = Release;
		};
		56F87A3E1F96F23F00D451F9 /* Build configuration list for PBXNativeTarget "JYScrollTab" */ = {
			isa = XCConfigurationList;
			buildConfigurations = (
				56F87A3F1F96F23F00D451F9 /* Debug */,
				56F87A401F96F23F00D451F9 /* Release */,
			);
			defaultConfigurationIsVisible = 0;
			defaultConfigurationName = Release;
		};
		56F87A481F96F26B00D451F9 /* Build configuration list for PBXNativeTarget "JYScrollTabBundle" */ = {
			isa = XCConfigurationList;
			buildConfigurations = (
				56F87A491F96F26B00D451F9 /* Debug */,
				56F87A4A1F96F26B00D451F9 /* Release */,
			);
			defaultConfigurationIsVisible = 0;
			defaultConfigurationName = Release;
		};
/* End XCConfigurationList section */
	};
	rootObject = 56F87A2D1F96F23F00D451F9 /* Project object */;
}
